
Microsoft Visual Studio Solution File, Format Version 12.00
# Visual Studio Version 17
VisualStudioVersion = 17.0.32014.148
MinimumVisualStudioVersion = 10.0.40219.1
Project("{FAE04EC0-301F-11D3-BF4B-00C04F79EFBC}") = "ExerciciosPedro", "ExerciciosPedro\ExerciciosPedro.csproj", "{0504BA05-8AA2-4CC4-ACE5-6FAF8DDF7D7D}"
EndProject
Project("{FAE04EC0-301F-11D3-BF4B-00C04F79EFBC}") = "ConsoleApp1", "ConsoleApp1\ConsoleApp1.csproj", "{334FCAA3-8830-4B0C-BCF8-28661A614416}"
EndProject
Project("{FAE04EC0-301F-11D3-BF4B-00C04F79EFBC}") = "ConsoleApp2", "ConsoleApp2\ConsoleApp2.csproj", "{A56C605A-156C-40C5-B0F8-A5A85F3D08BA}"
EndProject
Project("{FAE04EC0-301F-11D3-BF4B-00C04F79EFBC}") = "VerificarNumeroPar", "VerificarNumeroPar\VerificarNumeroPar.csproj", "{A60FE1AC-4DD7-40A0-BDA3-5347426A13BA}"
EndProject
Project("{FAE04EC0-301F-11D3-BF4B-00C04F79EFBC}") = "ControleCombustivel", "teste\ControleCombustivel.csproj", "{1F83EDF0-E1EB-4DBC-8ED9-3FCF6EAB92A8}"
EndProject
Project("{FAE04EC0-301F-11D3-BF4B-00C04F79EFBC}") = "estudo1", "estudo1\estudo1.csproj", "{FC003BC5-B320-48B4-BB88-F8A79B073B7B}"
EndProject
Global
	GlobalSection(SolutionConfigurationPlatforms) = preSolution
		Debug|Any CPU = Debug|Any CPU
		Release|Any CPU = Release|Any CPU
	EndGlobalSection
	GlobalSection(ProjectConfigurationPlatforms) = postSolution
		{0504BA05-8AA2-4CC4-ACE5-6FAF8DDF7D7D}.Debug|Any CPU.ActiveCfg = Debug|Any CPU
		{0504BA05-8AA2-4CC4-ACE5-6FAF8DDF7D7D}.Debug|Any CPU.Build.0 = Debug|Any CPU
		{0504BA05-8AA2-4CC4-ACE5-6FAF8DDF7D7D}.Release|Any CPU.ActiveCfg = Release|Any CPU
		{0504BA05-8AA2-4CC4-ACE5-6FAF8DDF7D7D}.Release|Any CPU.Build.0 = Release|Any CPU
		{334FCAA3-8830-4B0C-BCF8-28661A614416}.Debug|Any CPU.ActiveCfg = Debug|Any CPU
		{334FCAA3-8830-4B0C-BCF8-28661A614416}.Debug|Any CPU.Build.0 = Debug|Any CPU
		{334FCAA3-8830-4B0C-BCF8-28661A614416}.Release|Any CPU.ActiveCfg = Release|Any CPU
		{334FCAA3-8830-4B0C-BCF8-28661A614416}.Release|Any CPU.Build.0 = Release|Any CPU
		{A56C605A-156C-40C5-B0F8-A5A85F3D08BA}.Debug|Any CPU.ActiveCfg = Debug|Any CPU
		{A56C605A-156C-40C5-B0F8-A5A85F3D08BA}.Debug|Any CPU.Build.0 = Debug|Any CPU
		{A56C605A-156C-40C5-B0F8-A5A85F3D08BA}.Release|Any CPU.ActiveCfg = Release|Any CPU
		{A56C605A-156C-40C5-B0F8-A5A85F3D08BA}.Release|Any CPU.Build.0 = Release|Any CPU
		{A60FE1AC-4DD7-40A0-BDA3-5347426A13BA}.Debug|Any CPU.ActiveCfg = Debug|Any CPU
		{A60FE1AC-4DD7-40A0-BDA3-5347426A13BA}.Debug|Any CPU.Build.0 = Debug|Any CPU
		{A60FE1AC-4DD7-40A0-BDA3-5347426A13BA}.Release|Any CPU.ActiveCfg = Release|Any CPU
		{A60FE1AC-4DD7-40A0-BDA3-5347426A13BA}.Release|Any CPU.Build.0 = Release|Any CPU
		{1F83EDF0-E1EB-4DBC-8ED9-3FCF6EAB92A8}.Debug|Any CPU.ActiveCfg = Debug|Any CPU
		{1F83EDF0-E1EB-4DBC-8ED9-3FCF6EAB92A8}.Debug|Any CPU.Build.0 = Debug|Any CPU
		{1F83EDF0-E1EB-4DBC-8ED9-3FCF6EAB92A8}.Release|Any CPU.ActiveCfg = Release|Any CPU
		{1F83EDF0-E1EB-4DBC-8ED9-3FCF6EAB92A8}.Release|Any CPU.Build.0 = Release|Any CPU
		{FC003BC5-B320-48B4-BB88-F8A79B073B7B}.Debug|Any CPU.ActiveCfg = Debug|Any CPU
		{FC003BC5-B320-48B4-BB88-F8A79B073B7B}.Debug|Any CPU.Build.0 = Debug|Any CPU
		{FC003BC5-B320-48B4-BB88-F8A79B073B7B}.Release|Any CPU.ActiveCfg = Release|Any CPU
		{FC003BC5-B320-48B4-BB88-F8A79B073B7B}.Release|Any CPU.Build.0 = Release|Any CPU
	EndGlobalSection
	GlobalSection(SolutionProperties) = preSolution
		HideSolutionNode = FALSE
	EndGlobalSection
	GlobalSection(ExtensibilityGlobals) = postSolution
		SolutionGuid = {57DBAB3F-9C3A-4638-9E74-C4F363F5AC94}
	EndGlobalSection
EndGlobal
